
Microsoft Visual Studio Solution File, Format Version 12.00
# Visual Studio 15
VisualStudioVersion = 15.0.27130.2036
MinimumVisualStudioVersion = 10.0.40219.1
Project("{9A19103F-16F7-4668-BE54-9A1E7A4F7556}") = "GeneGenie.Geocoder.Tests", "GeneGenie.Geocoder.UnitTests\GeneGenie.Geocoder.Tests.csproj", "{C157850A-E858-4E51-A718-980D2E63F3C9}"
EndProject
Project("{9A19103F-16F7-4668-BE54-9A1E7A4F7556}") = "GeneGenie.Geocoder.Console", "GeneGenie.Geocoder.Console\GeneGenie.Geocoder.Console.csproj", "{C473F2F9-8F9D-41F2-9C0A-7C87EA0AE785}"
EndProject
Project("{9A19103F-16F7-4668-BE54-9A1E7A4F7556}") = "GeneGenie.Geocoder", "GeneGenie.Geocoder\GeneGenie.Geocoder.csproj", "{BDE55727-DBA3-417A-98DB-A2652E398F0E}"
EndProject
Global
	GlobalSection(SolutionConfigurationPlatforms) = preSolution
		Debug|Any CPU = Debug|Any CPU
		Release|Any CPU = Release|Any CPU
	EndGlobalSection
	GlobalSection(ProjectConfigurationPlatforms) = postSolution
		{C157850A-E858-4E51-A718-980D2E63F3C9}.Debug|Any CPU.ActiveCfg = Debug|Any CPU
		{C157850A-E858-4E51-A718-980D2E63F3C9}.Debug|Any CPU.Build.0 = Debug|Any CPU
		{C157850A-E858-4E51-A718-980D2E63F3C9}.Release|Any CPU.ActiveCfg = Release|Any CPU
		{C157850A-E858-4E51-A718-980D2E63F3C9}.Release|Any CPU.Build.0 = Release|Any CPU
		{C473F2F9-8F9D-41F2-9C0A-7C87EA0AE785}.Debug|Any CPU.ActiveCfg = Debug|Any CPU
		{C473F2F9-8F9D-41F2-9C0A-7C87EA0AE785}.Debug|Any CPU.Build.0 = Debug|Any CPU
		{C473F2F9-8F9D-41F2-9C0A-7C87EA0AE785}.Release|Any CPU.ActiveCfg = Release|Any CPU
		{C473F2F9-8F9D-41F2-9C0A-7C87EA0AE785}.Release|Any CPU.Build.0 = Release|Any CPU
		{BDE55727-DBA3-417A-98DB-A2652E398F0E}.Debug|Any CPU.ActiveCfg = Debug|Any CPU
		{BDE55727-DBA3-417A-98DB-A2652E398F0E}.Debug|Any CPU.Build.0 = Debug|Any CPU
		{BDE55727-DBA3-417A-98DB-A2652E398F0E}.Release|Any CPU.ActiveCfg = Release|Any CPU
		{BDE55727-DBA3-417A-98DB-A2652E398F0E}.Release|Any CPU.Build.0 = Release|Any CPU
	EndGlobalSection
	GlobalSection(SolutionProperties) = preSolution
		HideSolutionNode = FALSE
	EndGlobalSection
	GlobalSection(ExtensibilityGlobals) = postSolution
		SolutionGuid = {09ACA056-A5CC-4BFA-BBE0-17483E5C9937}
	EndGlobalSection
EndGlobal
